
Microsoft Visual Studio Solution File, Format Version 12.00
# Visual Studio Version 17
VisualStudioVersion = 17.0.32014.148
MinimumVisualStudioVersion = 10.0.40219.1
Project("{8BC9CEB8-8B4A-11D0-8D11-00A0C91BC942}") = "2022_02_10_Function", "2022_02_10_Function.vcxproj", "{CCD1AF78-16CE-4781-9D14-37107DD85011}"
EndProject
Global
	GlobalSection(SolutionConfigurationPlatforms) = preSolution
		Debug|x64 = Debug|x64
		Debug|x86 = Debug|x86
		Release|x64 = Release|x64
		Release|x86 = Release|x86
	EndGlobalSection
	GlobalSection(ProjectConfigurationPlatforms) = postSolution
		{CCD1AF78-16CE-4781-9D14-37107DD85011}.Debug|x64.ActiveCfg = Debug|x64
		{CCD1AF78-16CE-4781-9D14-37107DD85011}.Debug|x64.Build.0 = Debug|x64
		{CCD1AF78-16CE-4781-9D14-37107DD85011}.Debug|x86.ActiveCfg = Debug|Win32
		{CCD1AF78-16CE-4781-9D14-37107DD85011}.Debug|x86.Build.0 = Debug|Win32
		{CCD1AF78-16CE-4781-9D14-37107DD85011}.Release|x64.ActiveCfg = Release|x64
		{CCD1AF78-16CE-4781-9D14-37107DD85011}.Release|x64.Build.0 = Release|x64
		{CCD1AF78-16CE-4781-9D14-37107DD85011}.Release|x86.ActiveCfg = Release|Win32
		{CCD1AF78-16CE-4781-9D14-37107DD85011}.Release|x86.Build.0 = Release|Win32
	EndGlobalSection
	GlobalSection(SolutionProperties) = preSolution
		HideSolutionNode = FALSE
	EndGlobalSection
	GlobalSection(ExtensibilityGlobals) = postSolution
		SolutionGuid = {3F3D56DD-16B1-44CB-A0DA-2B150E766112}
	EndGlobalSection
EndGlobal
